
Microsoft Visual Studio Solution File, Format Version 12.00
# Visual Studio Version 17
VisualStudioVersion = 17.4.33103.184
MinimumVisualStudioVersion = 10.0.40219.1
Project("{FAE04EC0-301F-11D3-BF4B-00C04F79EFBC}") = "SpaceShooter", "SpaceShooter\SpaceShooter.csproj", "{A975C2F2-CC35-4168-A3B2-4B498A72E58C}"
EndProject
Global
	GlobalSection(SolutionConfigurationPlatforms) = preSolution
		Debug|Any CPU = Debug|Any CPU
		Release|Any CPU = Release|Any CPU
	EndGlobalSection
	GlobalSection(ProjectConfigurationPlatforms) = postSolution
		{A975C2F2-CC35-4168-A3B2-4B498A72E58C}.Debug|Any CPU.ActiveCfg = Debug|Any CPU
		{A975C2F2-CC35-4168-A3B2-4B498A72E58C}.Debug|Any CPU.Build.0 = Debug|Any CPU
		{A975C2F2-CC35-4168-A3B2-4B498A72E58C}.Release|Any CPU.ActiveCfg = Release|Any CPU
		{A975C2F2-CC35-4168-A3B2-4B498A72E58C}.Release|Any CPU.Build.0 = Release|Any CPU
	EndGlobalSection
	GlobalSection(SolutionProperties) = preSolution
		HideSolutionNode = FALSE
	EndGlobalSection
	GlobalSection(ExtensibilityGlobals) = postSolution
		SolutionGuid = {9CD5682E-9F09-41FE-8B45-5062C5300AC4}
	EndGlobalSection
EndGlobal
